
Microsoft Visual Studio Solution File, Format Version 12.00
# Visual Studio Version 17
VisualStudioVersion = 17.9.34723.18
MinimumVisualStudioVersion = 10.0.40219.1
Project("{FAE04EC0-301F-11D3-BF4B-00C04F79EFBC}") = "Exercicio11", "Exercicio11\Exercicio11.csproj", "{D5261053-7BA0-4357-A05C-98FFB1DABEAC}"
EndProject
Global
	GlobalSection(SolutionConfigurationPlatforms) = preSolution
		Debug|Any CPU = Debug|Any CPU
		Release|Any CPU = Release|Any CPU
	EndGlobalSection
	GlobalSection(ProjectConfigurationPlatforms) = postSolution
		{D5261053-7BA0-4357-A05C-98FFB1DABEAC}.Debug|Any CPU.ActiveCfg = Debug|Any CPU
		{D5261053-7BA0-4357-A05C-98FFB1DABEAC}.Debug|Any CPU.Build.0 = Debug|Any CPU
		{D5261053-7BA0-4357-A05C-98FFB1DABEAC}.Release|Any CPU.ActiveCfg = Release|Any CPU
		{D5261053-7BA0-4357-A05C-98FFB1DABEAC}.Release|Any CPU.Build.0 = Release|Any CPU
	EndGlobalSection
	GlobalSection(SolutionProperties) = preSolution
		HideSolutionNode = FALSE
	EndGlobalSection
	GlobalSection(ExtensibilityGlobals) = postSolution
		SolutionGuid = {664165DD-071F-4846-85BC-BE972C52A9B0}
	EndGlobalSection
EndGlobal
